
Microsoft Visual Studio Solution File, Format Version 12.00
# Visual Studio Version 17
VisualStudioVersion = 17.5.33627.172
MinimumVisualStudioVersion = 10.0.40219.1
Project("{FAE04EC0-301F-11D3-BF4B-00C04F79EFBC}") = "Lesson1", "Lesson1\Lesson1.csproj", "{CE750E12-F841-4F43-873F-CB3B9F7290A6}"
EndProject
Global
	GlobalSection(SolutionConfigurationPlatforms) = preSolution
		Debug|Any CPU = Debug|Any CPU
		Release|Any CPU = Release|Any CPU
	EndGlobalSection
	GlobalSection(ProjectConfigurationPlatforms) = postSolution
		{CE750E12-F841-4F43-873F-CB3B9F7290A6}.Debug|Any CPU.ActiveCfg = Debug|Any CPU
		{CE750E12-F841-4F43-873F-CB3B9F7290A6}.Debug|Any CPU.Build.0 = Debug|Any CPU
		{CE750E12-F841-4F43-873F-CB3B9F7290A6}.Release|Any CPU.ActiveCfg = Release|Any CPU
		{CE750E12-F841-4F43-873F-CB3B9F7290A6}.Release|Any CPU.Build.0 = Release|Any CPU
	EndGlobalSection
	GlobalSection(SolutionProperties) = preSolution
		HideSolutionNode = FALSE
	EndGlobalSection
	GlobalSection(ExtensibilityGlobals) = postSolution
		SolutionGuid = {2CC017ED-FE83-45C9-960E-167B22CEAE81}
	EndGlobalSection
EndGlobal
